
Microsoft Visual Studio Solution File, Format Version 12.00
# Visual Studio 15
VisualStudioVersion = 15.0.36001.139
MinimumVisualStudioVersion = 10.0.40219.1
Project("{F184B08F-C81C-45F6-A57F-5ABD9991F28F}") = "dapchuot", "dapchuot\dapchuot.vbproj", "{549EAA97-E977-48D3-AA10-68FCC34AD80A}"
EndProject
Project("{F184B08F-C81C-45F6-A57F-5ABD9991F28F}") = "WindowsApp1", "WindowsApp1\WindowsApp1.vbproj", "{4952EA27-2AEE-49E3-829E-FE9A7675632F}"
EndProject
Global
	GlobalSection(SolutionConfigurationPlatforms) = preSolution
		Debug|Any CPU = Debug|Any CPU
		Release|Any CPU = Release|Any CPU
	EndGlobalSection
	GlobalSection(ProjectConfigurationPlatforms) = postSolution
		{549EAA97-E977-48D3-AA10-68FCC34AD80A}.Debug|Any CPU.ActiveCfg = Debug|Any CPU
		{549EAA97-E977-48D3-AA10-68FCC34AD80A}.Debug|Any CPU.Build.0 = Debug|Any CPU
		{549EAA97-E977-48D3-AA10-68FCC34AD80A}.Release|Any CPU.ActiveCfg = Release|Any CPU
		{549EAA97-E977-48D3-AA10-68FCC34AD80A}.Release|Any CPU.Build.0 = Release|Any CPU
		{4952EA27-2AEE-49E3-829E-FE9A7675632F}.Debug|Any CPU.ActiveCfg = Debug|Any CPU
		{4952EA27-2AEE-49E3-829E-FE9A7675632F}.Debug|Any CPU.Build.0 = Debug|Any CPU
		{4952EA27-2AEE-49E3-829E-FE9A7675632F}.Release|Any CPU.ActiveCfg = Release|Any CPU
		{4952EA27-2AEE-49E3-829E-FE9A7675632F}.Release|Any CPU.Build.0 = Release|Any CPU
	EndGlobalSection
	GlobalSection(SolutionProperties) = preSolution
		HideSolutionNode = FALSE
	EndGlobalSection
	GlobalSection(ExtensibilityGlobals) = postSolution
		SolutionGuid = {19FD0F4E-6B9D-439D-AA1F-51966EDC7429}
	EndGlobalSection
EndGlobal
